// !$*UTF8*$!
{
	archiveVersion = 1;
	classes = {
	};
	objectVersion = 46;
	objects = {

/* Begin PBXBuildFile section */
		4253625A1E1C56E600459116 /* MoreController.swift in Sources */ = {isa = PBXBuildFile; fileRef = 425362591E1C56E600459116 /* MoreController.swift */; };
		427BD0631E1D665C00F3E276 /* BottomBarAdapter.swift in Sources */ = {isa = PBXBuildFile; fileRef = 427BD0621E1D665C00F3E276 /* BottomBarAdapter.swift */; };
		429DD9DC1E1F0C600006CDEC /* ItemController.swift in Sources */ = {isa = PBXBuildFile; fileRef = 429DD9DB1E1F0C600006CDEC /* ItemController.swift */; };
		429DD9DE1E1F0E9B0006CDEC /* TopBarAdapter.swift in Sources */ = {isa = PBXBuildFile; fileRef = 429DD9DD1E1F0E9B0006CDEC /* TopBarAdapter.swift */; };
		42F69E451E1EAB23005031AB /* NavViewInterface.swift in Sources */ = {isa = PBXBuildFile; fileRef = 42F69E441E1EAB23005031AB /* NavViewInterface.swift */; };
		42F69E471E1EB47B005031AB /* AboutUsController.swift in Sources */ = {isa = PBXBuildFile; fileRef = 42F69E461E1EB47B005031AB /* AboutUsController.swift */; };
		42F69E491E1ECC0F005031AB /* LogInController.swift in Sources */ = {isa = PBXBuildFile; fileRef = 42F69E481E1ECC0F005031AB /* LogInController.swift */; };
		42F69E4B1E1ED762005031AB /* RegisterController.swift in Sources */ = {isa = PBXBuildFile; fileRef = 42F69E4A1E1ED762005031AB /* RegisterController.swift */; };
		42F69E4D1E1EE5B1005031AB /* ProfileController.swift in Sources */ = {isa = PBXBuildFile; fileRef = 42F69E4C1E1EE5B1005031AB /* ProfileController.swift */; };
		629739D6EBAE30F8D0DD267B /* Pods_Crave.framework in Frameworks */ = {isa = PBXBuildFile; fileRef = 54140294E73E5A90303013E4 /* Pods_Crave.framework */; };
		C31CB96E1DB30B7400918582 /* CraveApi.swift in Sources */ = {isa = PBXBuildFile; fileRef = C31CB96D1DB30B7400918582 /* CraveApi.swift */; };
		C3319D411DB2B1460024E577 /* AppDelegate.swift in Sources */ = {isa = PBXBuildFile; fileRef = C3319D401DB2B1460024E577 /* AppDelegate.swift */; };
		C3319D461DB2B1460024E577 /* Main.storyboard in Resources */ = {isa = PBXBuildFile; fileRef = C3319D441DB2B1460024E577 /* Main.storyboard */; };
		C3319D481DB2B1460024E577 /* Assets.xcassets in Resources */ = {isa = PBXBuildFile; fileRef = C3319D471DB2B1460024E577 /* Assets.xcassets */; };
		C3319D4B1DB2B1460024E577 /* LaunchScreen.storyboard in Resources */ = {isa = PBXBuildFile; fileRef = C3319D491DB2B1460024E577 /* LaunchScreen.storyboard */; };
		C339D73E1DB310A400BC4D66 /* MapView.swift in Sources */ = {isa = PBXBuildFile; fileRef = C339D73D1DB310A400BC4D66 /* MapView.swift */; };
		C339D74E1DB3431700BC4D66 /* Requests.swift in Sources */ = {isa = PBXBuildFile; fileRef = C339D74D1DB3431700BC4D66 /* Requests.swift */; };
		C339D7501DB34BCE00BC4D66 /* nearbyRestaurants.swift in Sources */ = {isa = PBXBuildFile; fileRef = C339D74F1DB34BCE00BC4D66 /* nearbyRestaurants.swift */; };
		C339D7521DB34C2C00BC4D66 /* Restaurant.swift in Sources */ = {isa = PBXBuildFile; fileRef = C339D7511DB34C2C00BC4D66 /* Restaurant.swift */; };
		C339D7571DB3E94000BC4D66 /* NearMeViewController.swift in Sources */ = {isa = PBXBuildFile; fileRef = C339D7551DB3E94000BC4D66 /* NearMeViewController.swift */; };
		C339D75C1DB3F8FC00BC4D66 /* CravingsViewController.swift in Sources */ = {isa = PBXBuildFile; fileRef = C339D75B1DB3F8FC00BC4D66 /* CravingsViewController.swift */; };
		C339D75E1DB3F90400BC4D66 /* SearchViewController.swift in Sources */ = {isa = PBXBuildFile; fileRef = C339D75D1DB3F90400BC4D66 /* SearchViewController.swift */; };
		C339D76A1DB40D9C00BC4D66 /* Extensions.swift in Sources */ = {isa = PBXBuildFile; fileRef = C339D7691DB40D9C00BC4D66 /* Extensions.swift */; };
		C339D76C1DB40F1B00BC4D66 /* Delegates.swift in Sources */ = {isa = PBXBuildFile; fileRef = C339D76B1DB40F1B00BC4D66 /* Delegates.swift */; };
		C339D7701DB4191700BC4D66 /* LocationManager.swift in Sources */ = {isa = PBXBuildFile; fileRef = C339D76F1DB4191700BC4D66 /* LocationManager.swift */; };
		C3418B201E179470005364F0 /* MenuViewController.swift in Sources */ = {isa = PBXBuildFile; fileRef = C3418B1F1E17946F005364F0 /* MenuViewController.swift */; };
		C3418B221E1827A9005364F0 /* MenuView.swift in Sources */ = {isa = PBXBuildFile; fileRef = C3418B211E1827A9005364F0 /* MenuView.swift */; };
		C395F0B21DB5A20C00A61651 /* Profile.swift in Sources */ = {isa = PBXBuildFile; fileRef = C395F0B11DB5A20C00A61651 /* Profile.swift */; };
		C39AC5111E1982AD00261557 /* Milkshake.ttf in Resources */ = {isa = PBXBuildFile; fileRef = C3EC446E1E19804D00711602 /* Milkshake.ttf */; };
		C3C413EA1DE8F42200DF5563 /* RestaurantView.swift in Sources */ = {isa = PBXBuildFile; fileRef = C3C413E91DE8F42200DF5563 /* RestaurantView.swift */; };
		C3C413EC1DE8F42F00DF5563 /* RestaurantViewController.swift in Sources */ = {isa = PBXBuildFile; fileRef = C3C413EB1DE8F42F00DF5563 /* RestaurantViewController.swift */; };
		C3EC44411E18473400711602 /* MenuSection.swift in Sources */ = {isa = PBXBuildFile; fileRef = C3EC44401E18473400711602 /* MenuSection.swift */; };
		C3EC44431E18524200711602 /* MenuItem.swift in Sources */ = {isa = PBXBuildFile; fileRef = C3EC44421E18524200711602 /* MenuItem.swift */; };
		C3EC44461E18B74C00711602 /* ItemViewController.swift in Sources */ = {isa = PBXBuildFile; fileRef = C3EC44451E18B74C00711602 /* ItemViewController.swift */; };
		C3EC44481E18B75900711602 /* ItemView.swift in Sources */ = {isa = PBXBuildFile; fileRef = C3EC44471E18B75900711602 /* ItemView.swift */; };
		C3EC44561E19014B00711602 /* Rating.swift in Sources */ = {isa = PBXBuildFile; fileRef = C3EC44551E19014B00711602 /* Rating.swift */; };
		C3EC44671E192F4D00711602 /* RatingViewController.swift in Sources */ = {isa = PBXBuildFile; fileRef = C3EC44661E192F4D00711602 /* RatingViewController.swift */; };
		C3EC44691E192F5500711602 /* CosmosDistrib.swift in Sources */ = {isa = PBXBuildFile; fileRef = C3EC44681E192F5500711602 /* CosmosDistrib.swift */; };
		C3EC446B1E192F9600711602 /* RatingViewController.xib in Resources */ = {isa = PBXBuildFile; fileRef = C3EC446A1E192F9600711602 /* RatingViewController.xib */; };
		C3FB1E091DEB4594008EA1F8 /* Menu.swift in Sources */ = {isa = PBXBuildFile; fileRef = C3FB1E081DEB4594008EA1F8 /* Menu.swift */; };
		C3FB1E0D1DEBAF3C008EA1F8 /* CurrentRestaurantMenus.swift in Sources */ = {isa = PBXBuildFile; fileRef = C3FB1E0C1DEBAF3C008EA1F8 /* CurrentRestaurantMenus.swift */; };
		C3FB1E161DEBC406008EA1F8 /* ViewControllerUtils.swift in Sources */ = {isa = PBXBuildFile; fileRef = C3FB1E151DEBC406008EA1F8 /* ViewControllerUtils.swift */; };
/* End PBXBuildFile section */

/* Begin PBXFileReference section */
		425362591E1C56E600459116 /* MoreController.swift */ = {isa = PBXFileReference; fileEncoding = 4; lastKnownFileType = sourcecode.swift; path = MoreController.swift; sourceTree = "<group>"; };
		427BD0621E1D665C00F3E276 /* BottomBarAdapter.swift */ = {isa = PBXFileReference; fileEncoding = 4; lastKnownFileType = sourcecode.swift; path = BottomBarAdapter.swift; sourceTree = "<group>"; };
		429DD9DB1E1F0C600006CDEC /* ItemController.swift */ = {isa = PBXFileReference; fileEncoding = 4; lastKnownFileType = sourcecode.swift; path = ItemController.swift; sourceTree = "<group>"; };
		429DD9DD1E1F0E9B0006CDEC /* TopBarAdapter.swift */ = {isa = PBXFileReference; fileEncoding = 4; lastKnownFileType = sourcecode.swift; path = TopBarAdapter.swift; sourceTree = "<group>"; };
		42F69E441E1EAB23005031AB /* NavViewInterface.swift */ = {isa = PBXFileReference; fileEncoding = 4; lastKnownFileType = sourcecode.swift; path = NavViewInterface.swift; sourceTree = "<group>"; };
		42F69E461E1EB47B005031AB /* AboutUsController.swift */ = {isa = PBXFileReference; fileEncoding = 4; lastKnownFileType = sourcecode.swift; path = AboutUsController.swift; sourceTree = "<group>"; };
		42F69E481E1ECC0F005031AB /* LogInController.swift */ = {isa = PBXFileReference; fileEncoding = 4; lastKnownFileType = sourcecode.swift; path = LogInController.swift; sourceTree = "<group>"; };
		42F69E4A1E1ED762005031AB /* RegisterController.swift */ = {isa = PBXFileReference; fileEncoding = 4; lastKnownFileType = sourcecode.swift; path = RegisterController.swift; sourceTree = "<group>"; };
		42F69E4C1E1EE5B1005031AB /* ProfileController.swift */ = {isa = PBXFileReference; fileEncoding = 4; lastKnownFileType = sourcecode.swift; path = ProfileController.swift; sourceTree = "<group>"; };
		54140294E73E5A90303013E4 /* Pods_Crave.framework */ = {isa = PBXFileReference; explicitFileType = wrapper.framework; includeInIndex = 0; path = Pods_Crave.framework; sourceTree = BUILT_PRODUCTS_DIR; };
		94716F2416C1071B15E4D3F5 /* Pods-Crave.debug.xcconfig */ = {isa = PBXFileReference; includeInIndex = 1; lastKnownFileType = text.xcconfig; name = "Pods-Crave.debug.xcconfig"; path = "Pods/Target Support Files/Pods-Crave/Pods-Crave.debug.xcconfig"; sourceTree = "<group>"; };
		C31CB96D1DB30B7400918582 /* CraveApi.swift */ = {isa = PBXFileReference; fileEncoding = 4; lastKnownFileType = sourcecode.swift; path = CraveApi.swift; sourceTree = "<group>"; };
		C3319D3D1DB2B1460024E577 /* Crave.app */ = {isa = PBXFileReference; explicitFileType = wrapper.application; includeInIndex = 0; path = Crave.app; sourceTree = BUILT_PRODUCTS_DIR; };
		C3319D401DB2B1460024E577 /* AppDelegate.swift */ = {isa = PBXFileReference; lastKnownFileType = sourcecode.swift; path = AppDelegate.swift; sourceTree = "<group>"; };
		C3319D451DB2B1460024E577 /* Base */ = {isa = PBXFileReference; lastKnownFileType = file.storyboard; name = Base; path = Base.lproj/Main.storyboard; sourceTree = "<group>"; };
		C3319D471DB2B1460024E577 /* Assets.xcassets */ = {isa = PBXFileReference; lastKnownFileType = folder.assetcatalog; path = Assets.xcassets; sourceTree = "<group>"; };
		C3319D4A1DB2B1460024E577 /* Base */ = {isa = PBXFileReference; lastKnownFileType = file.storyboard; name = Base; path = Base.lproj/LaunchScreen.storyboard; sourceTree = "<group>"; };
		C3319D4C1DB2B1460024E577 /* Info.plist */ = {isa = PBXFileReference; lastKnownFileType = text.plist.xml; path = Info.plist; sourceTree = "<group>"; };
		C339D73D1DB310A400BC4D66 /* MapView.swift */ = {isa = PBXFileReference; fileEncoding = 4; lastKnownFileType = sourcecode.swift; path = MapView.swift; sourceTree = "<group>"; };
		C339D74D1DB3431700BC4D66 /* Requests.swift */ = {isa = PBXFileReference; fileEncoding = 4; lastKnownFileType = sourcecode.swift; path = Requests.swift; sourceTree = "<group>"; };
		C339D74F1DB34BCE00BC4D66 /* nearbyRestaurants.swift */ = {isa = PBXFileReference; fileEncoding = 4; lastKnownFileType = sourcecode.swift; path = nearbyRestaurants.swift; sourceTree = "<group>"; };
		C339D7511DB34C2C00BC4D66 /* Restaurant.swift */ = {isa = PBXFileReference; fileEncoding = 4; lastKnownFileType = sourcecode.swift; path = Restaurant.swift; sourceTree = "<group>"; };
		C339D7551DB3E94000BC4D66 /* NearMeViewController.swift */ = {isa = PBXFileReference; fileEncoding = 4; lastKnownFileType = sourcecode.swift; path = NearMeViewController.swift; sourceTree = "<group>"; };
		C339D75B1DB3F8FC00BC4D66 /* CravingsViewController.swift */ = {isa = PBXFileReference; fileEncoding = 4; lastKnownFileType = sourcecode.swift; path = CravingsViewController.swift; sourceTree = "<group>"; };
		C339D75D1DB3F90400BC4D66 /* SearchViewController.swift */ = {isa = PBXFileReference; fileEncoding = 4; lastKnownFileType = sourcecode.swift; path = SearchViewController.swift; sourceTree = "<group>"; };
		C339D7691DB40D9C00BC4D66 /* Extensions.swift */ = {isa = PBXFileReference; fileEncoding = 4; lastKnownFileType = sourcecode.swift; path = Extensions.swift; sourceTree = "<group>"; };
		C339D76B1DB40F1B00BC4D66 /* Delegates.swift */ = {isa = PBXFileReference; fileEncoding = 4; lastKnownFileType = sourcecode.swift; path = Delegates.swift; sourceTree = "<group>"; };
		C339D76F1DB4191700BC4D66 /* LocationManager.swift */ = {isa = PBXFileReference; fileEncoding = 4; lastKnownFileType = sourcecode.swift; path = LocationManager.swift; sourceTree = "<group>"; };
		C3418B1F1E17946F005364F0 /* MenuViewController.swift */ = {isa = PBXFileReference; fileEncoding = 4; lastKnownFileType = sourcecode.swift; path = MenuViewController.swift; sourceTree = "<group>"; };
		C3418B211E1827A9005364F0 /* MenuView.swift */ = {isa = PBXFileReference; fileEncoding = 4; lastKnownFileType = sourcecode.swift; path = MenuView.swift; sourceTree = "<group>"; };
		C395F0B11DB5A20C00A61651 /* Profile.swift */ = {isa = PBXFileReference; fileEncoding = 4; lastKnownFileType = sourcecode.swift; path = Profile.swift; sourceTree = "<group>"; };
		C3C413E91DE8F42200DF5563 /* RestaurantView.swift */ = {isa = PBXFileReference; fileEncoding = 4; lastKnownFileType = sourcecode.swift; path = RestaurantView.swift; sourceTree = "<group>"; };
		C3C413EB1DE8F42F00DF5563 /* RestaurantViewController.swift */ = {isa = PBXFileReference; fileEncoding = 4; lastKnownFileType = sourcecode.swift; path = RestaurantViewController.swift; sourceTree = "<group>"; };
		C3EC44401E18473400711602 /* MenuSection.swift */ = {isa = PBXFileReference; fileEncoding = 4; lastKnownFileType = sourcecode.swift; path = MenuSection.swift; sourceTree = "<group>"; };
		C3EC44421E18524200711602 /* MenuItem.swift */ = {isa = PBXFileReference; fileEncoding = 4; lastKnownFileType = sourcecode.swift; path = MenuItem.swift; sourceTree = "<group>"; };
		C3EC44451E18B74C00711602 /* ItemViewController.swift */ = {isa = PBXFileReference; fileEncoding = 4; lastKnownFileType = sourcecode.swift; path = ItemViewController.swift; sourceTree = "<group>"; };
		C3EC44471E18B75900711602 /* ItemView.swift */ = {isa = PBXFileReference; fileEncoding = 4; lastKnownFileType = sourcecode.swift; path = ItemView.swift; sourceTree = "<group>"; };
		C3EC44551E19014B00711602 /* Rating.swift */ = {isa = PBXFileReference; fileEncoding = 4; lastKnownFileType = sourcecode.swift; path = Rating.swift; sourceTree = "<group>"; };
		C3EC44661E192F4D00711602 /* RatingViewController.swift */ = {isa = PBXFileReference; fileEncoding = 4; lastKnownFileType = sourcecode.swift; path = RatingViewController.swift; sourceTree = "<group>"; };
		C3EC44681E192F5500711602 /* CosmosDistrib.swift */ = {isa = PBXFileReference; fileEncoding = 4; lastKnownFileType = sourcecode.swift; path = CosmosDistrib.swift; sourceTree = "<group>"; };
		C3EC446A1E192F9600711602 /* RatingViewController.xib */ = {isa = PBXFileReference; fileEncoding = 4; lastKnownFileType = file.xib; path = RatingViewController.xib; sourceTree = "<group>"; };
		C3EC446E1E19804D00711602 /* Milkshake.ttf */ = {isa = PBXFileReference; lastKnownFileType = file; path = Milkshake.ttf; sourceTree = "<group>"; };
		C3FB1E081DEB4594008EA1F8 /* Menu.swift */ = {isa = PBXFileReference; fileEncoding = 4; lastKnownFileType = sourcecode.swift; path = Menu.swift; sourceTree = "<group>"; };
		C3FB1E0C1DEBAF3C008EA1F8 /* CurrentRestaurantMenus.swift */ = {isa = PBXFileReference; fileEncoding = 4; lastKnownFileType = sourcecode.swift; path = CurrentRestaurantMenus.swift; sourceTree = "<group>"; };
		C3FB1E151DEBC406008EA1F8 /* ViewControllerUtils.swift */ = {isa = PBXFileReference; fileEncoding = 4; lastKnownFileType = sourcecode.swift; path = ViewControllerUtils.swift; sourceTree = "<group>"; };
		F08716CB759CD475E761BF23 /* Pods-Crave.release.xcconfig */ = {isa = PBXFileReference; includeInIndex = 1; lastKnownFileType = text.xcconfig; name = "Pods-Crave.release.xcconfig"; path = "Pods/Target Support Files/Pods-Crave/Pods-Crave.release.xcconfig"; sourceTree = "<group>"; };
/* End PBXFileReference section */

/* Begin PBXFrameworksBuildPhase section */
		C3319D3A1DB2B1460024E577 /* Frameworks */ = {
			isa = PBXFrameworksBuildPhase;
			buildActionMask = 2147483647;
			files = (
				629739D6EBAE30F8D0DD267B /* Pods_Crave.framework in Frameworks */,
			);
			runOnlyForDeploymentPostprocessing = 0;
		};
/* End PBXFrameworksBuildPhase section */

/* Begin PBXGroup section */
		3CB654741E3E75B5873FA690 /* Pods */ = {
			isa = PBXGroup;
			children = (
				94716F2416C1071B15E4D3F5 /* Pods-Crave.debug.xcconfig */,
				F08716CB759CD475E761BF23 /* Pods-Crave.release.xcconfig */,
			);
			name = Pods;
			sourceTree = "<group>";
		};
		425362551E1C2B7900459116 /* Views */ = {
			isa = PBXGroup;
			children = (
			);
			name = Views;
			sourceTree = "<group>";
		};
		425362561E1C2B8000459116 /* Controllers */ = {
			isa = PBXGroup;
			children = (
				425362591E1C56E600459116 /* MoreController.swift */,
				42F69E461E1EB47B005031AB /* AboutUsController.swift */,
				42F69E481E1ECC0F005031AB /* LogInController.swift */,
				42F69E4A1E1ED762005031AB /* RegisterController.swift */,
				42F69E4C1E1EE5B1005031AB /* ProfileController.swift */,
				429DD9DB1E1F0C600006CDEC /* ItemController.swift */,
			);
			name = Controllers;
			sourceTree = "<group>";
		};
		AE18AB2079E9C41CE07C1E9E /* Frameworks */ = {
			isa = PBXGroup;
			children = (
				54140294E73E5A90303013E4 /* Pods_Crave.framework */,
			);
			name = Frameworks;
			sourceTree = "<group>";
		};
		C31CB96F1DB30B8600918582 /* Network */ = {
			isa = PBXGroup;
			children = (
				C31CB96D1DB30B7400918582 /* CraveApi.swift */,
				C339D74D1DB3431700BC4D66 /* Requests.swift */,
				C339D76F1DB4191700BC4D66 /* LocationManager.swift */,
			);
			name = Network;
			sourceTree = "<group>";
		};
		C3319D341DB2B1460024E577 = {
			isa = PBXGroup;
			children = (
				C3319D3F1DB2B1460024E577 /* Crave */,
				C3319D3E1DB2B1460024E577 /* Products */,
				3CB654741E3E75B5873FA690 /* Pods */,
				AE18AB2079E9C41CE07C1E9E /* Frameworks */,
			);
			sourceTree = "<group>";
		};
		C3319D3E1DB2B1460024E577 /* Products */ = {
			isa = PBXGroup;
			children = (
				C3319D3D1DB2B1460024E577 /* Crave.app */,
			);
			name = Products;
			sourceTree = "<group>";
		};
		C3319D3F1DB2B1460024E577 /* Crave */ = {
			isa = PBXGroup;
			children = (
				425362561E1C2B8000459116 /* Controllers */,
				425362551E1C2B7900459116 /* Views */,
				C3EC44701E19805600711602 /* fonts */,
				C3EC44441E18B74000711602 /* Item */,
				C3418B1E1E17945C005364F0 /* Menu */,
				C3C413E81DE8F40200DF5563 /* RestaurantView */,
				C31CB96F1DB30B8600918582 /* Network */,
				C339D7631DB3FE2A00BC4D66 /* Models */,
				C339D7641DB3FE3A00BC4D66 /* NearMe */,
				C339D7671DB3FE5400BC4D66 /* Cravings */,
				C339D7681DB3FE5A00BC4D66 /* Search */,
				C339D7691DB40D9C00BC4D66 /* Extensions.swift */,
				C339D76B1DB40F1B00BC4D66 /* Delegates.swift */,
				C3319D401DB2B1460024E577 /* AppDelegate.swift */,
				C3EC446A1E192F9600711602 /* RatingViewController.xib */,
				C3EC44681E192F5500711602 /* CosmosDistrib.swift */,
				C3319D441DB2B1460024E577 /* Main.storyboard */,
				C3319D491DB2B1460024E577 /* LaunchScreen.storyboard */,
				C3319D471DB2B1460024E577 /* Assets.xcassets */,
				C3319D4C1DB2B1460024E577 /* Info.plist */,
				427BD0621E1D665C00F3E276 /* BottomBarAdapter.swift */,
				42F69E441E1EAB23005031AB /* NavViewInterface.swift */,
				429DD9DD1E1F0E9B0006CDEC /* TopBarAdapter.swift */,
			);
			path = Crave;
			sourceTree = "<group>";
		};
		C339D7631DB3FE2A00BC4D66 /* Models */ = {
			isa = PBXGroup;
			children = (
				C339D7511DB34C2C00BC4D66 /* Restaurant.swift */,
				C339D74F1DB34BCE00BC4D66 /* nearbyRestaurants.swift */,
				C3FB1E0C1DEBAF3C008EA1F8 /* CurrentRestaurantMenus.swift */,
				C395F0B11DB5A20C00A61651 /* Profile.swift */,
				C3FB1E081DEB4594008EA1F8 /* Menu.swift */,
				C3EC44421E18524200711602 /* MenuItem.swift */,
				C3EC44401E18473400711602 /* MenuSection.swift */,
				C3FB1E151DEBC406008EA1F8 /* ViewControllerUtils.swift */,
				C3EC44551E19014B00711602 /* Rating.swift */,
			);
			name = Models;
			sourceTree = "<group>";
		};
		C339D7641DB3FE3A00BC4D66 /* NearMe */ = {
			isa = PBXGroup;
			children = (
				C339D73D1DB310A400BC4D66 /* MapView.swift */,
				C339D7551DB3E94000BC4D66 /* NearMeViewController.swift */,
			);
			name = NearMe;
			sourceTree = "<group>";
		};
		C339D7671DB3FE5400BC4D66 /* Cravings */ = {
			isa = PBXGroup;
			children = (
				C339D75B1DB3F8FC00BC4D66 /* CravingsViewController.swift */,
			);
			name = Cravings;
			sourceTree = "<group>";
		};
		C339D7681DB3FE5A00BC4D66 /* Search */ = {
			isa = PBXGroup;
			children = (
				C339D75D1DB3F90400BC4D66 /* SearchViewController.swift */,
			);
			name = Search;
			sourceTree = "<group>";
		};
		C3418B1E1E17945C005364F0 /* Menu */ = {
			isa = PBXGroup;
			children = (
				C3418B1F1E17946F005364F0 /* MenuViewController.swift */,
				C3418B211E1827A9005364F0 /* MenuView.swift */,
			);
			name = Menu;
			sourceTree = "<group>";
		};
		C3C413E81DE8F40200DF5563 /* RestaurantView */ = {
			isa = PBXGroup;
			children = (
				C3C413E91DE8F42200DF5563 /* RestaurantView.swift */,
				C3C413EB1DE8F42F00DF5563 /* RestaurantViewController.swift */,
			);
			name = RestaurantView;
			sourceTree = "<group>";
		};
		C3EC44441E18B74000711602 /* Item */ = {
			isa = PBXGroup;
			children = (
				C3EC44661E192F4D00711602 /* RatingViewController.swift */,
				C3EC44451E18B74C00711602 /* ItemViewController.swift */,
				C3EC44471E18B75900711602 /* ItemView.swift */,
			);
			name = Item;
			sourceTree = "<group>";
		};
		C3EC44701E19805600711602 /* fonts */ = {
			isa = PBXGroup;
			children = (
				C3EC446E1E19804D00711602 /* Milkshake.ttf */,
			);
			name = fonts;
			sourceTree = "<group>";
		};
/* End PBXGroup section */

/* Begin PBXNativeTarget section */
		C3319D3C1DB2B1460024E577 /* Crave */ = {
			isa = PBXNativeTarget;
			buildConfigurationList = C3319D4F1DB2B1460024E577 /* Build configuration list for PBXNativeTarget "Crave" */;
			buildPhases = (
				72FDE9B6A45F80B325A1D447 /* [CP] Check Pods Manifest.lock */,
				C3319D391DB2B1460024E577 /* Sources */,
				C3319D3A1DB2B1460024E577 /* Frameworks */,
				C3319D3B1DB2B1460024E577 /* Resources */,
				3EAD9005211260CDC53D8EA1 /* [CP] Embed Pods Frameworks */,
				57F7AF38C0363BD49691945A /* [CP] Copy Pods Resources */,
			);
			buildRules = (
			);
			dependencies = (
			);
			name = Crave;
			productName = Crave;
			productReference = C3319D3D1DB2B1460024E577 /* Crave.app */;
			productType = "com.apple.product-type.application";
		};
/* End PBXNativeTarget section */

/* Begin PBXProject section */
		C3319D351DB2B1460024E577 /* Project object */ = {
			isa = PBXProject;
			attributes = {
				LastSwiftUpdateCheck = 0800;
				LastUpgradeCheck = 0820;
				ORGANIZATIONNAME = Crave;
				TargetAttributes = {
					C3319D3C1DB2B1460024E577 = {
						CreatedOnToolsVersion = 8.0;
						DevelopmentTeam = 9YTQQ45MZM;
						LastSwiftMigration = 0800;
						ProvisioningStyle = Automatic;
					};
				};
			};
			buildConfigurationList = C3319D381DB2B1460024E577 /* Build configuration list for PBXProject "Crave" */;
			compatibilityVersion = "Xcode 3.2";
			developmentRegion = English;
			hasScannedForEncodings = 0;
			knownRegions = (
				en,
				Base,
			);
			mainGroup = C3319D341DB2B1460024E577;
			productRefGroup = C3319D3E1DB2B1460024E577 /* Products */;
			projectDirPath = "";
			projectRoot = "";
			targets = (
				C3319D3C1DB2B1460024E577 /* Crave */,
			);
		};
/* End PBXProject section */

/* Begin PBXResourcesBuildPhase section */
		C3319D3B1DB2B1460024E577 /* Resources */ = {
			isa = PBXResourcesBuildPhase;
			buildActionMask = 2147483647;
			files = (
				C3319D4B1DB2B1460024E577 /* LaunchScreen.storyboard in Resources */,
				C39AC5111E1982AD00261557 /* Milkshake.ttf in Resources */,
				C3319D481DB2B1460024E577 /* Assets.xcassets in Resources */,
				C3319D461DB2B1460024E577 /* Main.storyboard in Resources */,
				C3EC446B1E192F9600711602 /* RatingViewController.xib in Resources */,
			);
			runOnlyForDeploymentPostprocessing = 0;
		};
/* End PBXResourcesBuildPhase section */

/* Begin PBXShellScriptBuildPhase section */
		3EAD9005211260CDC53D8EA1 /* [CP] Embed Pods Frameworks */ = {
			isa = PBXShellScriptBuildPhase;
			buildActionMask = 2147483647;
			files = (
			);
			inputPaths = (
			);
			name = "[CP] Embed Pods Frameworks";
			outputPaths = (
			);
			runOnlyForDeploymentPostprocessing = 0;
			shellPath = /bin/sh;
			shellScript = "\"${SRCROOT}/Pods/Target Support Files/Pods-Crave/Pods-Crave-frameworks.sh\"\n";
			showEnvVarsInLog = 0;
		};
		57F7AF38C0363BD49691945A /* [CP] Copy Pods Resources */ = {
			isa = PBXShellScriptBuildPhase;
			buildActionMask = 2147483647;
			files = (
			);
			inputPaths = (
			);
			name = "[CP] Copy Pods Resources";
			outputPaths = (
			);
			runOnlyForDeploymentPostprocessing = 0;
			shellPath = /bin/sh;
			shellScript = "\"${SRCROOT}/Pods/Target Support Files/Pods-Crave/Pods-Crave-resources.sh\"\n";
			showEnvVarsInLog = 0;
		};
		72FDE9B6A45F80B325A1D447 /* [CP] Check Pods Manifest.lock */ = {
			isa = PBXShellScriptBuildPhase;
			buildActionMask = 2147483647;
			files = (
			);
			inputPaths = (
			);
			name = "[CP] Check Pods Manifest.lock";
			outputPaths = (
			);
			runOnlyForDeploymentPostprocessing = 0;
			shellPath = /bin/sh;
			shellScript = "diff \"${PODS_ROOT}/../Podfile.lock\" \"${PODS_ROOT}/Manifest.lock\" > /dev/null\nif [ $? != 0 ] ; then\n    # print error to STDERR\n    echo \"error: The sandbox is not in sync with the Podfile.lock. Run 'pod install' or update your CocoaPods installation.\" >&2\n    exit 1\nfi\n";
			showEnvVarsInLog = 0;
		};
/* End PBXShellScriptBuildPhase section */

/* Begin PBXSourcesBuildPhase section */
		C3319D391DB2B1460024E577 /* Sources */ = {
			isa = PBXSourcesBuildPhase;
			buildActionMask = 2147483647;
			files = (
				C395F0B21DB5A20C00A61651 /* Profile.swift in Sources */,
				C3EC44461E18B74C00711602 /* ItemViewController.swift in Sources */,
				C3EC44561E19014B00711602 /* Rating.swift in Sources */,
				C3C413EC1DE8F42F00DF5563 /* RestaurantViewController.swift in Sources */,
				C3418B201E179470005364F0 /* MenuViewController.swift in Sources */,
				C3EC44671E192F4D00711602 /* RatingViewController.swift in Sources */,
				C339D75E1DB3F90400BC4D66 /* SearchViewController.swift in Sources */,
				C339D73E1DB310A400BC4D66 /* MapView.swift in Sources */,
				C339D76C1DB40F1B00BC4D66 /* Delegates.swift in Sources */,
				C339D75C1DB3F8FC00BC4D66 /* CravingsViewController.swift in Sources */,
				42F69E4B1E1ED762005031AB /* RegisterController.swift in Sources */,
				C3EC44411E18473400711602 /* MenuSection.swift in Sources */,
				C339D7701DB4191700BC4D66 /* LocationManager.swift in Sources */,
				C31CB96E1DB30B7400918582 /* CraveApi.swift in Sources */,
				42F69E491E1ECC0F005031AB /* LogInController.swift in Sources */,
				C339D7521DB34C2C00BC4D66 /* Restaurant.swift in Sources */,
				C3FB1E091DEB4594008EA1F8 /* Menu.swift in Sources */,
				C3EC44481E18B75900711602 /* ItemView.swift in Sources */,
				C339D7571DB3E94000BC4D66 /* NearMeViewController.swift in Sources */,
				C3C413EA1DE8F42200DF5563 /* RestaurantView.swift in Sources */,
				C3418B221E1827A9005364F0 /* MenuView.swift in Sources */,
				4253625A1E1C56E600459116 /* MoreController.swift in Sources */,
				C3EC44691E192F5500711602 /* CosmosDistrib.swift in Sources */,
				42F69E4D1E1EE5B1005031AB /* ProfileController.swift in Sources */,
				C3FB1E0D1DEBAF3C008EA1F8 /* CurrentRestaurantMenus.swift in Sources */,
				C339D74E1DB3431700BC4D66 /* Requests.swift in Sources */,
				42F69E471E1EB47B005031AB /* AboutUsController.swift in Sources */,
				C339D76A1DB40D9C00BC4D66 /* Extensions.swift in Sources */,
				429DD9DC1E1F0C600006CDEC /* ItemController.swift in Sources */,
				C3319D411DB2B1460024E577 /* AppDelegate.swift in Sources */,
				427BD0631E1D665C00F3E276 /* BottomBarAdapter.swift in Sources */,
				429DD9DE1E1F0E9B0006CDEC /* TopBarAdapter.swift in Sources */,
				C3EC44431E18524200711602 /* MenuItem.swift in Sources */,
				42F69E451E1EAB23005031AB /* NavViewInterface.swift in Sources */,
				C339D7501DB34BCE00BC4D66 /* nearbyRestaurants.swift in Sources */,
				C3FB1E161DEBC406008EA1F8 /* ViewControllerUtils.swift in Sources */,
			);
			runOnlyForDeploymentPostprocessing = 0;
		};
/* End PBXSourcesBuildPhase section */

/* Begin PBXVariantGroup section */
		C3319D441DB2B1460024E577 /* Main.storyboard */ = {
			isa = PBXVariantGroup;
			children = (
				C3319D451DB2B1460024E577 /* Base */,
			);
			name = Main.storyboard;
			sourceTree = "<group>";
		};
		C3319D491DB2B1460024E577 /* LaunchScreen.storyboard */ = {
			isa = PBXVariantGroup;
			children = (
				C3319D4A1DB2B1460024E577 /* Base */,
			);
			name = LaunchScreen.storyboard;
			sourceTree = "<group>";
		};
/* End PBXVariantGroup section */

/* Begin XCBuildConfiguration section */
		C3319D4D1DB2B1460024E577 /* Debug */ = {
			isa = XCBuildConfiguration;
			buildSettings = {
				ALWAYS_SEARCH_USER_PATHS = NO;
				CLANG_ANALYZER_NONNULL = YES;
				CLANG_CXX_LANGUAGE_STANDARD = "gnu++0x";
				CLANG_CXX_LIBRARY = "libc++";
				CLANG_ENABLE_MODULES = YES;
				CLANG_ENABLE_OBJC_ARC = YES;
				CLANG_WARN_BOOL_CONVERSION = YES;
				CLANG_WARN_CONSTANT_CONVERSION = YES;
				CLANG_WARN_DIRECT_OBJC_ISA_USAGE = YES_ERROR;
				CLANG_WARN_DOCUMENTATION_COMMENTS = YES;
				CLANG_WARN_EMPTY_BODY = YES;
				CLANG_WARN_ENUM_CONVERSION = YES;
				CLANG_WARN_INFINITE_RECURSION = YES;
				CLANG_WARN_INT_CONVERSION = YES;
				CLANG_WARN_OBJC_ROOT_CLASS = YES_ERROR;
				CLANG_WARN_SUSPICIOUS_MOVE = YES;
				CLANG_WARN_SUSPICIOUS_MOVES = YES;
				CLANG_WARN_UNREACHABLE_CODE = YES;
				CLANG_WARN__DUPLICATE_METHOD_MATCH = YES;
				CODE_SIGN_IDENTITY = "iPhone Distribution: Michael Remondi (9YTQQ45MZM)";
				"CODE_SIGN_IDENTITY[sdk=iphoneos*]" = "iPhone Distribution: Michael Remondi (9YTQQ45MZM)";
				COPY_PHASE_STRIP = NO;
				DEBUG_INFORMATION_FORMAT = dwarf;
				ENABLE_STRICT_OBJC_MSGSEND = YES;
				ENABLE_TESTABILITY = YES;
				GCC_C_LANGUAGE_STANDARD = gnu99;
				GCC_DYNAMIC_NO_PIC = NO;
				GCC_NO_COMMON_BLOCKS = YES;
				GCC_OPTIMIZATION_LEVEL = 0;
				GCC_PREPROCESSOR_DEFINITIONS = (
					"DEBUG=1",
					"$(inherited)",
				);
				GCC_WARN_64_TO_32_BIT_CONVERSION = YES;
				GCC_WARN_ABOUT_RETURN_TYPE = YES_ERROR;
				GCC_WARN_UNDECLARED_SELECTOR = YES;
				GCC_WARN_UNINITIALIZED_AUTOS = YES_AGGRESSIVE;
				GCC_WARN_UNUSED_FUNCTION = YES;
				GCC_WARN_UNUSED_VARIABLE = YES;
				IPHONEOS_DEPLOYMENT_TARGET = 10.0;
				MTL_ENABLE_DEBUG_INFO = YES;
				ONLY_ACTIVE_ARCH = YES;
				SDKROOT = iphoneos;
				SWIFT_ACTIVE_COMPILATION_CONDITIONS = DEBUG;
				SWIFT_OPTIMIZATION_LEVEL = "-Onone";
				e = "";
			};
			name = Debug;
		};
		C3319D4E1DB2B1460024E577 /* Release */ = {
			isa = XCBuildConfiguration;
			buildSettings = {
				ALWAYS_SEARCH_USER_PATHS = NO;
				CLANG_ANALYZER_NONNULL = YES;
				CLANG_CXX_LANGUAGE_STANDARD = "gnu++0x";
				CLANG_CXX_LIBRARY = "libc++";
				CLANG_ENABLE_MODULES = YES;
				CLANG_ENABLE_OBJC_ARC = YES;
				CLANG_WARN_BOOL_CONVERSION = YES;
				CLANG_WARN_CONSTANT_CONVERSION = YES;
				CLANG_WARN_DIRECT_OBJC_ISA_USAGE = YES_ERROR;
				CLANG_WARN_DOCUMENTATION_COMMENTS = YES;
				CLANG_WARN_EMPTY_BODY = YES;
				CLANG_WARN_ENUM_CONVERSION = YES;
				CLANG_WARN_INFINITE_RECURSION = YES;
				CLANG_WARN_INT_CONVERSION = YES;
				CLANG_WARN_OBJC_ROOT_CLASS = YES_ERROR;
				CLANG_WARN_SUSPICIOUS_MOVE = YES;
				CLANG_WARN_SUSPICIOUS_MOVES = YES;
				CLANG_WARN_UNREACHABLE_CODE = YES;
				CLANG_WARN__DUPLICATE_METHOD_MATCH = YES;
				CODE_SIGN_IDENTITY = "iPhone Distribution: Michael Remondi (9YTQQ45MZM)";
				"CODE_SIGN_IDENTITY[sdk=iphoneos*]" = "iPhone Distribution: Michael Remondi (9YTQQ45MZM)";
				COPY_PHASE_STRIP = NO;
				DEBUG_INFORMATION_FORMAT = "dwarf-with-dsym";
				ENABLE_NS_ASSERTIONS = NO;
				ENABLE_STRICT_OBJC_MSGSEND = YES;
				GCC_C_LANGUAGE_STANDARD = gnu99;
				GCC_NO_COMMON_BLOCKS = YES;
				GCC_WARN_64_TO_32_BIT_CONVERSION = YES;
				GCC_WARN_ABOUT_RETURN_TYPE = YES_ERROR;
				GCC_WARN_UNDECLARED_SELECTOR = YES;
				GCC_WARN_UNINITIALIZED_AUTOS = YES_AGGRESSIVE;
				GCC_WARN_UNUSED_FUNCTION = YES;
				GCC_WARN_UNUSED_VARIABLE = YES;
				IPHONEOS_DEPLOYMENT_TARGET = 10.0;
				MTL_ENABLE_DEBUG_INFO = NO;
				SDKROOT = iphoneos;
				SWIFT_OPTIMIZATION_LEVEL = "-Owholemodule";
				VALIDATE_PRODUCT = YES;
				e = "";
			};
			name = Release;
		};
		C3319D501DB2B1460024E577 /* Debug */ = {
			isa = XCBuildConfiguration;
			baseConfigurationReference = 94716F2416C1071B15E4D3F5 /* Pods-Crave.debug.xcconfig */;
			buildSettings = {
				ASSETCATALOG_COMPILER_APPICON_NAME = "AppIcon-2";
				CODE_SIGN_IDENTITY = "iPhone Developer";
				"CODE_SIGN_IDENTITY[sdk=iphoneos*]" = "iPhone Developer";
				DEVELOPMENT_TEAM = 9YTQQ45MZM;
				INFOPLIST_FILE = Crave/Info.plist;
				LD_RUNPATH_SEARCH_PATHS = "$(inherited) @executable_path/Frameworks";
				PRODUCT_BUNDLE_IDENTIFIER = Crave.Crave;
				PRODUCT_NAME = "$(TARGET_NAME)";
				SWIFT_VERSION = 3.0;
			};
			name = Debug;
		};
		C3319D511DB2B1460024E577 /* Release */ = {
			isa = XCBuildConfiguration;
			baseConfigurationReference = F08716CB759CD475E761BF23 /* Pods-Crave.release.xcconfig */;
			buildSettings = {
				ASSETCATALOG_COMPILER_APPICON_NAME = "AppIcon-2";
				CODE_SIGN_IDENTITY = "iPhone Developer";
				"CODE_SIGN_IDENTITY[sdk=iphoneos*]" = "iPhone Developer";
				DEVELOPMENT_TEAM = 9YTQQ45MZM;
				"FRAMEWORK_SEARCH_PATHS[arch=*]" = (
					"$(inherited)",
					"\"$PODS_CONFIGURATION_BUILD_DIR/Alamofire\"",
					"\"$PODS_CONFIGURATION_BUILD_DIR/Cosmos\"",
					"\"$PODS_CONFIGURATION_BUILD_DIR/PopupDialog\"",
					"\"$PODS_CONFIGURATION_BUILD_DIR/SwiftyJSON\"",
					"\"${PODS_ROOT}/GoogleMaps/Subspecs/Base/Frameworks\"",
					"\"${PODS_ROOT}/GoogleMaps/Subspecs/Maps/Frameworks\"",
				);
				INFOPLIST_FILE = Crave/Info.plist;
				LD_RUNPATH_SEARCH_PATHS = "$(inherited) @executable_path/Frameworks";
				PRODUCT_BUNDLE_IDENTIFIER = Crave.Crave;
				PRODUCT_NAME = "$(TARGET_NAME)";
				SWIFT_VERSION = 3.0;
			};
			name = Release;
		};
/* End XCBuildConfiguration section */

/* Begin XCConfigurationList section */
		C3319D381DB2B1460024E577 /* Build configuration list for PBXProject "Crave" */ = {
			isa = XCConfigurationList;
			buildConfigurations = (
				C3319D4D1DB2B1460024E577 /* Debug */,
				C3319D4E1DB2B1460024E577 /* Release */,
			);
			defaultConfigurationIsVisible = 0;
			defaultConfigurationName = Release;
		};
		C3319D4F1DB2B1460024E577 /* Build configuration list for PBXNativeTarget "Crave" */ = {
			isa = XCConfigurationList;
			buildConfigurations = (
				C3319D501DB2B1460024E577 /* Debug */,
				C3319D511DB2B1460024E577 /* Release */,
			);
			defaultConfigurationIsVisible = 0;
			defaultConfigurationName = Release;
		};
/* End XCConfigurationList section */
	};
	rootObject = C3319D351DB2B1460024E577 /* Project object */;
}
